
Microsoft Visual Studio Solution File, Format Version 12.00
# Visual Studio 15
VisualStudioVersion = 15.0.27004.2008
MinimumVisualStudioVersion = 10.0.40219.1
Project("{8BC9CEB8-8B4A-11D0-8D11-00A0C91BC942}") = "test-point", "test-point\test-point.vcxproj", "{67EAD6AE-EC57-4753-9493-DB5B2F6A1433}"
EndProject
Global
	GlobalSection(SolutionConfigurationPlatforms) = preSolution
		Debug|x64 = Debug|x64
		Debug|x86 = Debug|x86
		Release|x64 = Release|x64
		Release|x86 = Release|x86
	EndGlobalSection
	GlobalSection(ProjectConfigurationPlatforms) = postSolution
		{67EAD6AE-EC57-4753-9493-DB5B2F6A1433}.Debug|x64.ActiveCfg = Debug|x64
		{67EAD6AE-EC57-4753-9493-DB5B2F6A1433}.Debug|x64.Build.0 = Debug|x64
		{67EAD6AE-EC57-4753-9493-DB5B2F6A1433}.Debug|x86.ActiveCfg = Debug|Win32
		{67EAD6AE-EC57-4753-9493-DB5B2F6A1433}.Debug|x86.Build.0 = Debug|Win32
		{67EAD6AE-EC57-4753-9493-DB5B2F6A1433}.Release|x64.ActiveCfg = Release|x64
		{67EAD6AE-EC57-4753-9493-DB5B2F6A1433}.Release|x64.Build.0 = Release|x64
		{67EAD6AE-EC57-4753-9493-DB5B2F6A1433}.Release|x86.ActiveCfg = Release|Win32
		{67EAD6AE-EC57-4753-9493-DB5B2F6A1433}.Release|x86.Build.0 = Release|Win32
	EndGlobalSection
	GlobalSection(SolutionProperties) = preSolution
		HideSolutionNode = FALSE
	EndGlobalSection
	GlobalSection(ExtensibilityGlobals) = postSolution
		SolutionGuid = {7B289395-8DA8-442F-8862-F75F8C780292}
	EndGlobalSection
EndGlobal
